
Microsoft Visual Studio Solution File, Format Version 12.00
# Visual Studio 15
VisualStudioVersion = 15.0.26730.12
MinimumVisualStudioVersion = 10.0.40219.1
Project("{8BC9CEB8-8B4A-11D0-8D11-00A0C91BC942}") = "CIS265_13A", "CIS265_13A\CIS265_13A.vcxproj", "{9EEB8748-92E6-44B0-A29B-E6F1CF7B0685}"
EndProject
Global
	GlobalSection(SolutionConfigurationPlatforms) = preSolution
		Debug|x64 = Debug|x64
		Debug|x86 = Debug|x86
		Release|x64 = Release|x64
		Release|x86 = Release|x86
	EndGlobalSection
	GlobalSection(ProjectConfigurationPlatforms) = postSolution
		{9EEB8748-92E6-44B0-A29B-E6F1CF7B0685}.Debug|x64.ActiveCfg = Debug|x64
		{9EEB8748-92E6-44B0-A29B-E6F1CF7B0685}.Debug|x64.Build.0 = Debug|x64
		{9EEB8748-92E6-44B0-A29B-E6F1CF7B0685}.Debug|x86.ActiveCfg = Debug|Win32
		{9EEB8748-92E6-44B0-A29B-E6F1CF7B0685}.Debug|x86.Build.0 = Debug|Win32
		{9EEB8748-92E6-44B0-A29B-E6F1CF7B0685}.Release|x64.ActiveCfg = Release|x64
		{9EEB8748-92E6-44B0-A29B-E6F1CF7B0685}.Release|x64.Build.0 = Release|x64
		{9EEB8748-92E6-44B0-A29B-E6F1CF7B0685}.Release|x86.ActiveCfg = Release|Win32
		{9EEB8748-92E6-44B0-A29B-E6F1CF7B0685}.Release|x86.Build.0 = Release|Win32
	EndGlobalSection
	GlobalSection(SolutionProperties) = preSolution
		HideSolutionNode = FALSE
	EndGlobalSection
	GlobalSection(ExtensibilityGlobals) = postSolution
		SolutionGuid = {7A215DA7-87D0-4A9E-BA76-957A8A644309}
	EndGlobalSection
EndGlobal
